
Microsoft Visual Studio Solution File, Format Version 12.00
# Visual Studio 15
VisualStudioVersion = 15.0.27703.2026
MinimumVisualStudioVersion = 10.0.40219.1
Project("{FAE04EC0-301F-11D3-BF4B-00C04F79EFBC}") = "FamiliadaClientForms.Android", "FamiliadaClientForms\FamiliadaClientForms.Android\FamiliadaClientForms.Android.csproj", "{207CE120-992A-4C16-8ED1-831E6E7E4E1F}"
EndProject
Project("{FAE04EC0-301F-11D3-BF4B-00C04F79EFBC}") = "FamiliadaClientForms", "FamiliadaClientForms\FamiliadaClientForms\FamiliadaClientForms.csproj", "{46D79E1B-E849-4487-A0E8-58479E507ECA}"
EndProject
Global
	GlobalSection(SolutionConfigurationPlatforms) = preSolution
		Debug|Any CPU = Debug|Any CPU
		Release|Any CPU = Release|Any CPU
	EndGlobalSection
	GlobalSection(ProjectConfigurationPlatforms) = postSolution
		{207CE120-992A-4C16-8ED1-831E6E7E4E1F}.Debug|Any CPU.ActiveCfg = Debug|Any CPU
		{207CE120-992A-4C16-8ED1-831E6E7E4E1F}.Debug|Any CPU.Build.0 = Debug|Any CPU
		{207CE120-992A-4C16-8ED1-831E6E7E4E1F}.Debug|Any CPU.Deploy.0 = Debug|Any CPU
		{207CE120-992A-4C16-8ED1-831E6E7E4E1F}.Release|Any CPU.ActiveCfg = Release|Any CPU
		{207CE120-992A-4C16-8ED1-831E6E7E4E1F}.Release|Any CPU.Build.0 = Release|Any CPU
		{207CE120-992A-4C16-8ED1-831E6E7E4E1F}.Release|Any CPU.Deploy.0 = Release|Any CPU
		{46D79E1B-E849-4487-A0E8-58479E507ECA}.Debug|Any CPU.ActiveCfg = Debug|Any CPU
		{46D79E1B-E849-4487-A0E8-58479E507ECA}.Debug|Any CPU.Build.0 = Debug|Any CPU
		{46D79E1B-E849-4487-A0E8-58479E507ECA}.Debug|Any CPU.Deploy.0 = Debug|Any CPU
		{46D79E1B-E849-4487-A0E8-58479E507ECA}.Release|Any CPU.ActiveCfg = Release|Any CPU
		{46D79E1B-E849-4487-A0E8-58479E507ECA}.Release|Any CPU.Build.0 = Release|Any CPU
		{46D79E1B-E849-4487-A0E8-58479E507ECA}.Release|Any CPU.Deploy.0 = Release|Any CPU
	EndGlobalSection
	GlobalSection(SolutionProperties) = preSolution
		HideSolutionNode = FALSE
	EndGlobalSection
	GlobalSection(ExtensibilityGlobals) = postSolution
		SolutionGuid = {DCFAD1FD-1C5B-4654-B71A-2655B31EF86D}
	EndGlobalSection
EndGlobal
